
Microsoft Visual Studio Solution File, Format Version 12.00
# Visual Studio Version 17
VisualStudioVersion = 17.3.32519.111
MinimumVisualStudioVersion = 10.0.40219.1
Project("{9A19103F-16F7-4668-BE54-9A1E7A4F7556}") = "AHK Plugin", "AHK Plugin.csproj", "{D736C398-8495-449B-84F3-AF04A1B0EC7B}"
EndProject
Global
	GlobalSection(SolutionConfigurationPlatforms) = preSolution
		Debug|Any CPU = Debug|Any CPU
		Debug|x64 = Debug|x64
		Release|Any CPU = Release|Any CPU
		Release|x64 = Release|x64
	EndGlobalSection
	GlobalSection(ProjectConfigurationPlatforms) = postSolution
		{D736C398-8495-449B-84F3-AF04A1B0EC7B}.Debug|Any CPU.ActiveCfg = Debug|x64
		{D736C398-8495-449B-84F3-AF04A1B0EC7B}.Debug|Any CPU.Build.0 = Debug|x64
		{D736C398-8495-449B-84F3-AF04A1B0EC7B}.Debug|x64.ActiveCfg = Debug|x64
		{D736C398-8495-449B-84F3-AF04A1B0EC7B}.Debug|x64.Build.0 = Debug|x64
		{D736C398-8495-449B-84F3-AF04A1B0EC7B}.Release|Any CPU.ActiveCfg = Release|Any CPU
		{D736C398-8495-449B-84F3-AF04A1B0EC7B}.Release|Any CPU.Build.0 = Release|Any CPU
		{D736C398-8495-449B-84F3-AF04A1B0EC7B}.Release|x64.ActiveCfg = Release|x64
		{D736C398-8495-449B-84F3-AF04A1B0EC7B}.Release|x64.Build.0 = Release|x64
	EndGlobalSection
	GlobalSection(SolutionProperties) = preSolution
		HideSolutionNode = FALSE
	EndGlobalSection
	GlobalSection(ExtensibilityGlobals) = postSolution
		SolutionGuid = {E3BE66AA-97BD-401C-852E-E301428F1ECE}
	EndGlobalSection
EndGlobal
